{
  "nodes": {
    "logo": {
      "flake": false,
      "locked": {
        "lastModified": 1641256905,
        "narHash": "sha256-7uiTGBEVXRrzfs/QmrMAH4MYLQt/GgKt8IsakOcKQBc=",
        "owner": "ziglang",
        "repo": "logo",
        "rev": "6446ba8e37a0651da720d8869e1ce9264fa0c0b9",
        "type": "github"
      },
      "original": {
        "owner": "ziglang",
        "repo": "logo",
        "type": "github"
      }
    },
    "nixpkgs": {
      "locked": {
        "lastModified": 1669378442,
        "narHash": "sha256-nm+4PN0A4SnV0SzEchxrMyKPvI3Ld/aoom4PnHeHucs=",
        "owner": "NixOS",
        "repo": "nixpkgs",
        "rev": "0faaf0a9bb6dedb69bfd43ac06fb27fadc476c51",
        "type": "github"
      },
      "original": {
        "owner": "NixOS",
        "ref": "nixos-22.05",
        "repo": "nixpkgs",
        "type": "github"
      }
    },
    "nova": {
      "flake": false,
      "locked": {
        "narHash": "sha256-y9PPIABEp0rhaP2KkrYO3aEpVSCvA6L2V2dBuzDoabc=",
        "type": "tarball",
        "url": "https://download.panic.com/nova/Nova%2010.3.zip"
      },
      "original": {
        "type": "tarball",
        "url": "https://download.panic.com/nova/Nova%2010.3.zip"
      }
    },
    "nova-utils": {
      "inputs": {
        "nova": "nova",
        "utils": "utils"
      },
      "locked": {
        "lastModified": 1669459739,
        "narHash": "sha256-D4aT8BkseKLPWpiMt6+Y46um/W2LE8levDXbHqHdIng=",
        "owner": "flyx",
        "repo": "nova-extension-utils",
        "rev": "7bafd427298b40a7f0365a477ded1e765a550a12",
        "type": "github"
      },
      "original": {
        "owner": "flyx",
        "repo": "nova-extension-utils",
        "type": "github"
      }
    },
    "root": {
      "inputs": {
        "logo": "logo",
        "nixpkgs": "nixpkgs",
        "nova-utils": "nova-utils",
        "tree-sitter-zig": "tree-sitter-zig",
        "utils": "utils_2"
      }
    },
    "tree-sitter-zig": {
      "flake": false,
      "locked": {
        "lastModified": 1667355439,
        "narHash": "sha256-vdfXC9PUyv4YynfrKi7M708zFbNIV6AERBd63/EAp1A=",
        "owner": "maxxnino",
        "repo": "tree-sitter-zig",
        "rev": "d90d38d28ce8cc27bfea8b4e0c75211e9e2398ca",
        "type": "github"
      },
      "original": {
        "owner": "maxxnino",
        "repo": "tree-sitter-zig",
        "type": "github"
      }
    },
    "utils": {
      "locked": {
        "lastModified": 1667395993,
        "narHash": "sha256-nuEHfE/LcWyuSWnS8t12N1wc105Qtau+/OdUAjtQ0rA=",
        "owner": "numtide",
        "repo": "flake-utils",
        "rev": "5aed5285a952e0b949eb3ba02c12fa4fcfef535f",
        "type": "github"
      },
      "original": {
        "owner": "numtide",
        "repo": "flake-utils",
        "type": "github"
      }
    },
    "utils_2": {
      "locked": {
        "lastModified": 1667395993,
        "narHash": "sha256-nuEHfE/LcWyuSWnS8t12N1wc105Qtau+/OdUAjtQ0rA=",
        "owner": "numtide",
        "repo": "flake-utils",
        "rev": "5aed5285a952e0b949eb3ba02c12fa4fcfef535f",
        "type": "github"
      },
      "original": {
        "owner": "numtide",
        "repo": "flake-utils",
        "type": "github"
      }
    }
  },
  "root": "root",
  "version": 7
}
